{
  "name": "ecommerce",
  "version": "1.0.0",
  "lockfileVersion": 1,
  "requires": true,
  "dependencies": {
    "jquery": {
      "version": "3.5.1",
      "resolved": "https://registry.npmjs.org/jquery/-/jquery-3.5.1.tgz",
      "integrity": "sha512-XwIBPqcMn57FxfT+Go5pzySnm4KWkT1Tv7gjrpT1srtf8Weynl6R273VJ5GjkRb51IzMp5nbaPjJXMWeju2MKg=="
    },
    "mdbootstrap": {
      "version": "4.19.2",
      "resolved": "https://registry.npmjs.org/mdbootstrap/-/mdbootstrap-4.19.2.tgz",
      "integrity": "sha512-a+LwPflYRYwlmYKTvftW0X7SfOMrRZ02qZjrssNko1lPU/HR5JRFc1uwa3Dmmw+6TwsYH760waqdghBFrucpOw=="
    },
    "tabulator-tables": {
      "version": "4.8.4",
      "resolved": "https://registry.npmjs.org/tabulator-tables/-/tabulator-tables-4.8.4.tgz",
      "integrity": "sha512-sSs3GoWPF3/l/8m+WGUbmsLASkLVB3bB7RnW/4/g/zwOQoxM9pWdaeZE+Nk7UJjjb6K9fW3dfIQnozIfNpFATw=="
    }
  }
}
